
Microsoft Visual Studio Solution File, Format Version 11.00
# Visual Studio 2013
VisualStudioVersion = 11.0.61030.00
MinimumVisualStudioVersion = 10.0.40219.1
Project("{FAE04EC0-301F-11D3-BF4B-00C04F79EFBC}") = "Midichlorian.VSPackage", "Midichlorian.VSPackage\Midichlorian.VSPackage.csproj", "{51D562E9-DF48-4EB4-9252-FC3062E18951}"
EndProject
Project("{FAE04EC0-301F-11D3-BF4B-00C04F79EFBC}") = "Midichlorian.VSPackage.Tests", "Midichlorian.VSPackage.Tests\Midichlorian.VSPackage.Tests.csproj", "{4A40E796-3EFA-40E0-8427-1E524607E141}"
EndProject
Global
	GlobalSection(SolutionConfigurationPlatforms) = preSolution
		Debug|Any CPU = Debug|Any CPU
		Release|Any CPU = Release|Any CPU
	EndGlobalSection
	GlobalSection(ProjectConfigurationPlatforms) = postSolution
		{51D562E9-DF48-4EB4-9252-FC3062E18951}.Debug|Any CPU.ActiveCfg = Debug|Any CPU
		{51D562E9-DF48-4EB4-9252-FC3062E18951}.Debug|Any CPU.Build.0 = Debug|Any CPU
		{51D562E9-DF48-4EB4-9252-FC3062E18951}.Release|Any CPU.ActiveCfg = Release|Any CPU
		{51D562E9-DF48-4EB4-9252-FC3062E18951}.Release|Any CPU.Build.0 = Release|Any CPU
		{4A40E796-3EFA-40E0-8427-1E524607E141}.Debug|Any CPU.ActiveCfg = Debug|Any CPU
		{4A40E796-3EFA-40E0-8427-1E524607E141}.Debug|Any CPU.Build.0 = Debug|Any CPU
		{4A40E796-3EFA-40E0-8427-1E524607E141}.Release|Any CPU.ActiveCfg = Release|Any CPU
		{4A40E796-3EFA-40E0-8427-1E524607E141}.Release|Any CPU.Build.0 = Release|Any CPU
	EndGlobalSection
	GlobalSection(SolutionProperties) = preSolution
		HideSolutionNode = FALSE
	EndGlobalSection
EndGlobal
